{
  "version": 4,
  "terraform_version": "0.12.7",
  "serial": 33,
  "lineage": "fc39dc7b-3111-ea8e-75b9-acce28913d9e",
  "outputs": {},
  "resources": [
    {
      "mode": "managed",
      "type": "oci_dns_record",
      "name": "a_records",
      "each": "list",
      "provider": "provider.oci",
      "instances": [
        {
          "index_key": 0,
          "schema_version": 0,
          "attributes": {
            "compartment_id": "ocid1.compartment.oc1..aaaaaaaap7zxffy5cadhxdn363f6up4wnf5y2s7frdx5i7ecv6npdvsnrkra",
            "domain": "web0.ocitutorials.tk",
            "id": "83fd4ad70b767d71f3fdf619ed9f8e25",
            "is_protected": false,
            "rdata": "140.238.60.141",
            "record_hash": "83fd4ad70b767d71f3fdf619ed9f8e25",
            "rrset_version": "5",
            "rtype": "A",
            "timeouts": null,
            "ttl": 30,
            "zone_name_or_id": "ocitutorials.tk"
          },
          "private": "eyJlMmJmYjczMC1lY2FhLTExZTYtOGY4OC0zNDM2M2JjN2M0YzAiOnsiY3JlYXRlIjo5MDAwMDAwMDAwMDAsImRlbGV0ZSI6OTAwMDAwMDAwMDAwLCJ1cGRhdGUiOjkwMDAwMDAwMDAwMH19"
        },
        {
          "index_key": 1,
          "schema_version": 0,
          "attributes": {
            "compartment_id": "ocid1.compartment.oc1..aaaaaaaap7zxffy5cadhxdn363f6up4wnf5y2s7frdx5i7ecv6npdvsnrkra",
            "domain": "web1.ocitutorials.tk",
            "id": "b044026a9e5e2368f0b3eefda3d15381",
            "is_protected": false,
            "rdata": "140.238.60.141",
            "record_hash": "b044026a9e5e2368f0b3eefda3d15381",
            "rrset_version": "9",
            "rtype": "A",
            "timeouts": null,
            "ttl": 30,
            "zone_name_or_id": "ocitutorials.tk"
          },
          "private": "eyJlMmJmYjczMC1lY2FhLTExZTYtOGY4OC0zNDM2M2JjN2M0YzAiOnsiY3JlYXRlIjo5MDAwMDAwMDAwMDAsImRlbGV0ZSI6OTAwMDAwMDAwMDAwLCJ1cGRhdGUiOjkwMDAwMDAwMDAwMH19"
        },
        {
          "index_key": 2,
          "schema_version": 0,
          "attributes": {
            "compartment_id": "ocid1.compartment.oc1..aaaaaaaap7zxffy5cadhxdn363f6up4wnf5y2s7frdx5i7ecv6npdvsnrkra",
            "domain": "web2.ocitutorials.tk",
            "id": "6a4e2cbdf993f438623774ecb5c19a30",
            "is_protected": false,
            "rdata": "140.238.60.141",
            "record_hash": "6a4e2cbdf993f438623774ecb5c19a30",
            "rrset_version": "11",
            "rtype": "A",
            "timeouts": null,
            "ttl": 30,
            "zone_name_or_id": "ocitutorials.tk"
          },
          "private": "eyJlMmJmYjczMC1lY2FhLTExZTYtOGY4OC0zNDM2M2JjN2M0YzAiOnsiY3JlYXRlIjo5MDAwMDAwMDAwMDAsImRlbGV0ZSI6OTAwMDAwMDAwMDAwLCJ1cGRhdGUiOjkwMDAwMDAwMDAwMH19"
        },
        {
          "index_key": 3,
          "schema_version": 0,
          "attributes": {
            "compartment_id": "ocid1.compartment.oc1..aaaaaaaap7zxffy5cadhxdn363f6up4wnf5y2s7frdx5i7ecv6npdvsnrkra",
            "domain": "web3.ocitutorials.tk",
            "id": "5f3f00069e72238e24aa715ce6aae6b8",
            "is_protected": false,
            "rdata": "140.238.60.141",
            "record_hash": "5f3f00069e72238e24aa715ce6aae6b8",
            "rrset_version": "8",
            "rtype": "A",
            "timeouts": null,
            "ttl": 30,
            "zone_name_or_id": "ocitutorials.tk"
          },
          "private": "eyJlMmJmYjczMC1lY2FhLTExZTYtOGY4OC0zNDM2M2JjN2M0YzAiOnsiY3JlYXRlIjo5MDAwMDAwMDAwMDAsImRlbGV0ZSI6OTAwMDAwMDAwMDAwLCJ1cGRhdGUiOjkwMDAwMDAwMDAwMH19"
        },
        {
          "index_key": 4,
          "schema_version": 0,
          "attributes": {
            "compartment_id": "ocid1.compartment.oc1..aaaaaaaap7zxffy5cadhxdn363f6up4wnf5y2s7frdx5i7ecv6npdvsnrkra",
            "domain": "web4.ocitutorials.tk",
            "id": "e97187caf9685f77e46ae6b1d1979405",
            "is_protected": false,
            "rdata": "140.238.60.141",
            "record_hash": "e97187caf9685f77e46ae6b1d1979405",
            "rrset_version": "4",
            "rtype": "A",
            "timeouts": null,
            "ttl": 30,
            "zone_name_or_id": "ocitutorials.tk"
          },
          "private": "eyJlMmJmYjczMC1lY2FhLTExZTYtOGY4OC0zNDM2M2JjN2M0YzAiOnsiY3JlYXRlIjo5MDAwMDAwMDAwMDAsImRlbGV0ZSI6OTAwMDAwMDAwMDAwLCJ1cGRhdGUiOjkwMDAwMDAwMDAwMH19"
        },
        {
          "index_key": 5,
          "schema_version": 0,
          "attributes": {
            "compartment_id": "ocid1.compartment.oc1..aaaaaaaap7zxffy5cadhxdn363f6up4wnf5y2s7frdx5i7ecv6npdvsnrkra",
            "domain": "web5.ocitutorials.tk",
            "id": "3b58d6dbc511ed79e41ca84d330ba0de",
            "is_protected": false,
            "rdata": "140.238.60.141",
            "record_hash": "3b58d6dbc511ed79e41ca84d330ba0de",
            "rrset_version": "2",
            "rtype": "A",
            "timeouts": null,
            "ttl": 30,
            "zone_name_or_id": "ocitutorials.tk"
          },
          "private": "eyJlMmJmYjczMC1lY2FhLTExZTYtOGY4OC0zNDM2M2JjN2M0YzAiOnsiY3JlYXRlIjo5MDAwMDAwMDAwMDAsImRlbGV0ZSI6OTAwMDAwMDAwMDAwLCJ1cGRhdGUiOjkwMDAwMDAwMDAwMH19"
        },
        {
          "index_key": 6,
          "schema_version": 0,
          "attributes": {
            "compartment_id": "ocid1.compartment.oc1..aaaaaaaap7zxffy5cadhxdn363f6up4wnf5y2s7frdx5i7ecv6npdvsnrkra",
            "domain": "web6.ocitutorials.tk",
            "id": "c7f7320f76ed551ec489a2c9f26c4739",
            "is_protected": false,
            "rdata": "140.238.60.141",
            "record_hash": "c7f7320f76ed551ec489a2c9f26c4739",
            "rrset_version": "7",
            "rtype": "A",
            "timeouts": null,
            "ttl": 30,
            "zone_name_or_id": "ocitutorials.tk"
          },
          "private": "eyJlMmJmYjczMC1lY2FhLTExZTYtOGY4OC0zNDM2M2JjN2M0YzAiOnsiY3JlYXRlIjo5MDAwMDAwMDAwMDAsImRlbGV0ZSI6OTAwMDAwMDAwMDAwLCJ1cGRhdGUiOjkwMDAwMDAwMDAwMH19"
        },
        {
          "index_key": 7,
          "schema_version": 0,
          "attributes": {
            "compartment_id": "ocid1.compartment.oc1..aaaaaaaap7zxffy5cadhxdn363f6up4wnf5y2s7frdx5i7ecv6npdvsnrkra",
            "domain": "web7.ocitutorials.tk",
            "id": "ac9e45980952d184684615a7423648be",
            "is_protected": false,
            "rdata": "140.238.60.141",
            "record_hash": "ac9e45980952d184684615a7423648be",
            "rrset_version": "3",
            "rtype": "A",
            "timeouts": null,
            "ttl": 30,
            "zone_name_or_id": "ocitutorials.tk"
          },
          "private": "eyJlMmJmYjczMC1lY2FhLTExZTYtOGY4OC0zNDM2M2JjN2M0YzAiOnsiY3JlYXRlIjo5MDAwMDAwMDAwMDAsImRlbGV0ZSI6OTAwMDAwMDAwMDAwLCJ1cGRhdGUiOjkwMDAwMDAwMDAwMH19"
        },
        {
          "index_key": 8,
          "schema_version": 0,
          "attributes": {
            "compartment_id": "ocid1.compartment.oc1..aaaaaaaap7zxffy5cadhxdn363f6up4wnf5y2s7frdx5i7ecv6npdvsnrkra",
            "domain": "web8.ocitutorials.tk",
            "id": "0b50a98775e93c732d8edc8efe06492a",
            "is_protected": false,
            "rdata": "140.238.60.141",
            "record_hash": "0b50a98775e93c732d8edc8efe06492a",
            "rrset_version": "10",
            "rtype": "A",
            "timeouts": null,
            "ttl": 30,
            "zone_name_or_id": "ocitutorials.tk"
          },
          "private": "eyJlMmJmYjczMC1lY2FhLTExZTYtOGY4OC0zNDM2M2JjN2M0YzAiOnsiY3JlYXRlIjo5MDAwMDAwMDAwMDAsImRlbGV0ZSI6OTAwMDAwMDAwMDAwLCJ1cGRhdGUiOjkwMDAwMDAwMDAwMH19"
        },
        {
          "index_key": 9,
          "schema_version": 0,
          "attributes": {
            "compartment_id": "ocid1.compartment.oc1..aaaaaaaap7zxffy5cadhxdn363f6up4wnf5y2s7frdx5i7ecv6npdvsnrkra",
            "domain": "web9.ocitutorials.tk",
            "id": "6e2426b3f82b89b517d6775176e58428",
            "is_protected": false,
            "rdata": "140.238.60.141",
            "record_hash": "6e2426b3f82b89b517d6775176e58428",
            "rrset_version": "6",
            "rtype": "A",
            "timeouts": null,
            "ttl": 30,
            "zone_name_or_id": "ocitutorials.tk"
          },
          "private": "eyJlMmJmYjczMC1lY2FhLTExZTYtOGY4OC0zNDM2M2JjN2M0YzAiOnsiY3JlYXRlIjo5MDAwMDAwMDAwMDAsImRlbGV0ZSI6OTAwMDAwMDAwMDAwLCJ1cGRhdGUiOjkwMDAwMDAwMDAwMH19"
        }
      ]
    },
    {
      "mode": "managed",
      "type": "oci_dns_record",
      "name": "cname_records",
      "each": "list",
      "provider": "provider.oci",
      "instances": [
        {
          "index_key": 0,
          "schema_version": 0,
          "attributes": {
            "compartment_id": "ocid1.compartment.oc1..aaaaaaaap7zxffy5cadhxdn363f6up4wnf5y2s7frdx5i7ecv6npdvsnrkra",
            "domain": "web0.block.ocitutorials.tk",
            "id": "e4bb60dd1ecc10623673c05af5e6d3d9",
            "is_protected": false,
            "rdata": "web0-block-ocitutorials-tk.b.waas.oci.oraclecloud.net.",
            "record_hash": "e4bb60dd1ecc10623673c05af5e6d3d9",
            "rrset_version": "12",
            "rtype": "CNAME",
            "timeouts": null,
            "ttl": 30,
            "zone_name_or_id": "ocitutorials.tk"
          },
          "private": "eyJlMmJmYjczMC1lY2FhLTExZTYtOGY4OC0zNDM2M2JjN2M0YzAiOnsiY3JlYXRlIjo5MDAwMDAwMDAwMDAsImRlbGV0ZSI6OTAwMDAwMDAwMDAwLCJ1cGRhdGUiOjkwMDAwMDAwMDAwMH19"
        },
        {
          "index_key": 1,
          "schema_version": 0,
          "attributes": {
            "compartment_id": "ocid1.compartment.oc1..aaaaaaaap7zxffy5cadhxdn363f6up4wnf5y2s7frdx5i7ecv6npdvsnrkra",
            "domain": "web1.block.ocitutorials.tk",
            "id": "f21ea64e71cb55df4d4f1eff606c2b83",
            "is_protected": false,
            "rdata": "web1-block-ocitutorials-tk.b.waas.oci.oraclecloud.net.",
            "record_hash": "f21ea64e71cb55df4d4f1eff606c2b83",
            "rrset_version": "15",
            "rtype": "CNAME",
            "timeouts": null,
            "ttl": 30,
            "zone_name_or_id": "ocitutorials.tk"
          },
          "private": "eyJlMmJmYjczMC1lY2FhLTExZTYtOGY4OC0zNDM2M2JjN2M0YzAiOnsiY3JlYXRlIjo5MDAwMDAwMDAwMDAsImRlbGV0ZSI6OTAwMDAwMDAwMDAwLCJ1cGRhdGUiOjkwMDAwMDAwMDAwMH19"
        },
        {
          "index_key": 2,
          "schema_version": 0,
          "attributes": {
            "compartment_id": "ocid1.compartment.oc1..aaaaaaaap7zxffy5cadhxdn363f6up4wnf5y2s7frdx5i7ecv6npdvsnrkra",
            "domain": "web2.block.ocitutorials.tk",
            "id": "e1c22a8b91a0705c0c363744cd9625bb",
            "is_protected": false,
            "rdata": "web2-block-ocitutorials-tk.b.waas.oci.oraclecloud.net.",
            "record_hash": "e1c22a8b91a0705c0c363744cd9625bb",
            "rrset_version": "16",
            "rtype": "CNAME",
            "timeouts": null,
            "ttl": 30,
            "zone_name_or_id": "ocitutorials.tk"
          },
          "private": "eyJlMmJmYjczMC1lY2FhLTExZTYtOGY4OC0zNDM2M2JjN2M0YzAiOnsiY3JlYXRlIjo5MDAwMDAwMDAwMDAsImRlbGV0ZSI6OTAwMDAwMDAwMDAwLCJ1cGRhdGUiOjkwMDAwMDAwMDAwMH19"
        },
        {
          "index_key": 3,
          "schema_version": 0,
          "attributes": {
            "compartment_id": "ocid1.compartment.oc1..aaaaaaaap7zxffy5cadhxdn363f6up4wnf5y2s7frdx5i7ecv6npdvsnrkra",
            "domain": "web3.block.ocitutorials.tk",
            "id": "e0335406bec512611f26e835d3dd445d",
            "is_protected": false,
            "rdata": "web3-block-ocitutorials-tk.b.waas.oci.oraclecloud.net.",
            "record_hash": "e0335406bec512611f26e835d3dd445d",
            "rrset_version": "13",
            "rtype": "CNAME",
            "timeouts": null,
            "ttl": 30,
            "zone_name_or_id": "ocitutorials.tk"
          },
          "private": "eyJlMmJmYjczMC1lY2FhLTExZTYtOGY4OC0zNDM2M2JjN2M0YzAiOnsiY3JlYXRlIjo5MDAwMDAwMDAwMDAsImRlbGV0ZSI6OTAwMDAwMDAwMDAwLCJ1cGRhdGUiOjkwMDAwMDAwMDAwMH19"
        },
        {
          "index_key": 4,
          "schema_version": 0,
          "attributes": {
            "compartment_id": "ocid1.compartment.oc1..aaaaaaaap7zxffy5cadhxdn363f6up4wnf5y2s7frdx5i7ecv6npdvsnrkra",
            "domain": "web4.block.ocitutorials.tk",
            "id": "f46677c5684598d4dc3dc22b7cc17f71",
            "is_protected": false,
            "rdata": "web4-block-ocitutorials-tk.b.waas.oci.oraclecloud.net.",
            "record_hash": "f46677c5684598d4dc3dc22b7cc17f71",
            "rrset_version": "19",
            "rtype": "CNAME",
            "timeouts": null,
            "ttl": 30,
            "zone_name_or_id": "ocitutorials.tk"
          },
          "private": "eyJlMmJmYjczMC1lY2FhLTExZTYtOGY4OC0zNDM2M2JjN2M0YzAiOnsiY3JlYXRlIjo5MDAwMDAwMDAwMDAsImRlbGV0ZSI6OTAwMDAwMDAwMDAwLCJ1cGRhdGUiOjkwMDAwMDAwMDAwMH19"
        },
        {
          "index_key": 5,
          "schema_version": 0,
          "attributes": {
            "compartment_id": "ocid1.compartment.oc1..aaaaaaaap7zxffy5cadhxdn363f6up4wnf5y2s7frdx5i7ecv6npdvsnrkra",
            "domain": "web5.block.ocitutorials.tk",
            "id": "1f9cbac86733c5b9d94cdfb6d071ed0f",
            "is_protected": false,
            "rdata": "web5-block-ocitutorials-tk.b.waas.oci.oraclecloud.net.",
            "record_hash": "1f9cbac86733c5b9d94cdfb6d071ed0f",
            "rrset_version": "20",
            "rtype": "CNAME",
            "timeouts": null,
            "ttl": 30,
            "zone_name_or_id": "ocitutorials.tk"
          },
          "private": "eyJlMmJmYjczMC1lY2FhLTExZTYtOGY4OC0zNDM2M2JjN2M0YzAiOnsiY3JlYXRlIjo5MDAwMDAwMDAwMDAsImRlbGV0ZSI6OTAwMDAwMDAwMDAwLCJ1cGRhdGUiOjkwMDAwMDAwMDAwMH19"
        },
        {
          "index_key": 6,
          "schema_version": 0,
          "attributes": {
            "compartment_id": "ocid1.compartment.oc1..aaaaaaaap7zxffy5cadhxdn363f6up4wnf5y2s7frdx5i7ecv6npdvsnrkra",
            "domain": "web6.block.ocitutorials.tk",
            "id": "29c58b92c1f9e00da7320e55f1e9dba4",
            "is_protected": false,
            "rdata": "web6-block-ocitutorials-tk.b.waas.oci.oraclecloud.net.",
            "record_hash": "29c58b92c1f9e00da7320e55f1e9dba4",
            "rrset_version": "21",
            "rtype": "CNAME",
            "timeouts": null,
            "ttl": 30,
            "zone_name_or_id": "ocitutorials.tk"
          },
          "private": "eyJlMmJmYjczMC1lY2FhLTExZTYtOGY4OC0zNDM2M2JjN2M0YzAiOnsiY3JlYXRlIjo5MDAwMDAwMDAwMDAsImRlbGV0ZSI6OTAwMDAwMDAwMDAwLCJ1cGRhdGUiOjkwMDAwMDAwMDAwMH19"
        },
        {
          "index_key": 7,
          "schema_version": 0,
          "attributes": {
            "compartment_id": "ocid1.compartment.oc1..aaaaaaaap7zxffy5cadhxdn363f6up4wnf5y2s7frdx5i7ecv6npdvsnrkra",
            "domain": "web7.block.ocitutorials.tk",
            "id": "e63846c37290983bf39b1a521a047dce",
            "is_protected": false,
            "rdata": "web7-block-ocitutorials-tk.b.waas.oci.oraclecloud.net.",
            "record_hash": "e63846c37290983bf39b1a521a047dce",
            "rrset_version": "17",
            "rtype": "CNAME",
            "timeouts": null,
            "ttl": 30,
            "zone_name_or_id": "ocitutorials.tk"
          },
          "private": "eyJlMmJmYjczMC1lY2FhLTExZTYtOGY4OC0zNDM2M2JjN2M0YzAiOnsiY3JlYXRlIjo5MDAwMDAwMDAwMDAsImRlbGV0ZSI6OTAwMDAwMDAwMDAwLCJ1cGRhdGUiOjkwMDAwMDAwMDAwMH19"
        },
        {
          "index_key": 8,
          "schema_version": 0,
          "attributes": {
            "compartment_id": "ocid1.compartment.oc1..aaaaaaaap7zxffy5cadhxdn363f6up4wnf5y2s7frdx5i7ecv6npdvsnrkra",
            "domain": "web8.block.ocitutorials.tk",
            "id": "12d0bfb240db6a50a3519f5512ca3c85",
            "is_protected": false,
            "rdata": "web8-block-ocitutorials-tk.b.waas.oci.oraclecloud.net.",
            "record_hash": "12d0bfb240db6a50a3519f5512ca3c85",
            "rrset_version": "18",
            "rtype": "CNAME",
            "timeouts": null,
            "ttl": 30,
            "zone_name_or_id": "ocitutorials.tk"
          },
          "private": "eyJlMmJmYjczMC1lY2FhLTExZTYtOGY4OC0zNDM2M2JjN2M0YzAiOnsiY3JlYXRlIjo5MDAwMDAwMDAwMDAsImRlbGV0ZSI6OTAwMDAwMDAwMDAwLCJ1cGRhdGUiOjkwMDAwMDAwMDAwMH19"
        },
        {
          "index_key": 9,
          "schema_version": 0,
          "attributes": {
            "compartment_id": "ocid1.compartment.oc1..aaaaaaaap7zxffy5cadhxdn363f6up4wnf5y2s7frdx5i7ecv6npdvsnrkra",
            "domain": "web9.block.ocitutorials.tk",
            "id": "34bdaa6030b90b7842769fe273c785ed",
            "is_protected": false,
            "rdata": "web9-block-ocitutorials-tk.b.waas.oci.oraclecloud.net.",
            "record_hash": "34bdaa6030b90b7842769fe273c785ed",
            "rrset_version": "14",
            "rtype": "CNAME",
            "timeouts": null,
            "ttl": 30,
            "zone_name_or_id": "ocitutorials.tk"
          },
          "private": "eyJlMmJmYjczMC1lY2FhLTExZTYtOGY4OC0zNDM2M2JjN2M0YzAiOnsiY3JlYXRlIjo5MDAwMDAwMDAwMDAsImRlbGV0ZSI6OTAwMDAwMDAwMDAwLCJ1cGRhdGUiOjkwMDAwMDAwMDAwMH19"
        }
      ]
    },
    {
      "mode": "managed",
      "type": "oci_dns_zone",
      "name": "zone",
      "provider": "provider.oci",
      "instances": [
        {
          "schema_version": 0,
          "attributes": {
            "compartment_id": "ocid1.compartment.oc1..aaaaaaaap7zxffy5cadhxdn363f6up4wnf5y2s7frdx5i7ecv6npdvsnrkra",
            "defined_tags": {
              "basic.created_by": "ocid1.instance.oc1.iad.abuwcljti7acyozxkolrblsui3442rdwkzgg4dibo3m5vrt3owbwm57jzjea (instance)",
              "basic.owner": "masataka.marukawa",
              "organization.fy20_level_1": "staketsu_org",
              "organization.fy20_level_2": "skuroda_org"
            },
            "external_masters": [],
            "freeform_tags": {},
            "id": "ocid1.dns-zone.oc1..87129c3f27554991b3232dd580df4be1",
            "name": "ocitutorials.tk",
            "nameservers": [
              {
                "hostname": "ns1.p68.dns.oraclecloud.net"
              },
              {
                "hostname": "ns2.p68.dns.oraclecloud.net"
              },
              {
                "hostname": "ns3.p68.dns.oraclecloud.net"
              },
              {
                "hostname": "ns4.p68.dns.oraclecloud.net"
              }
            ],
            "self": "https://dns.us-ashburn-1.oraclecloud.com/20180115/zones/ocitutorials.tk",
            "serial": 11,
            "state": "ACTIVE",
            "time_created": "2019-10-18 05:40:54 +0000 UTC",
            "timeouts": null,
            "version": "11",
            "zone_type": "PRIMARY"
          },
          "private": "eyJlMmJmYjczMC1lY2FhLTExZTYtOGY4OC0zNDM2M2JjN2M0YzAiOnsiY3JlYXRlIjo5MDAwMDAwMDAwMDAsImRlbGV0ZSI6OTAwMDAwMDAwMDAwLCJ1cGRhdGUiOjkwMDAwMDAwMDAwMH19"
        }
      ]
    },
    {
      "mode": "managed",
      "type": "oci_waas_waas_policy",
      "name": "waas_policies",
      "each": "list",
      "provider": "provider.oci",
      "instances": [
        {
          "index_key": 0,
          "schema_version": 0,
          "attributes": {
            "additional_domains": [],
            "cname": "web0-block-ocitutorials-tk.b.waas.oci.oraclecloud.net",
            "compartment_id": "ocid1.compartment.oc1..aaaaaaaap7zxffy5cadhxdn363f6up4wnf5y2s7frdx5i7ecv6npdvsnrkra",
            "defined_tags": {
              "basic.created_by": "ocid1.instance.oc1.iad.abuwcljti7acyozxkolrblsui3442rdwkzgg4dibo3m5vrt3owbwm57jzjea (instance)",
              "basic.owner": "masataka.marukawa",
              "organization.fy20_level_1": "staketsu_org",
              "organization.fy20_level_2": "skuroda_org"
            },
            "display_name": "web0.block.ocitutorials.tk",
            "domain": "web0.block.ocitutorials.tk",
            "freeform_tags": {},
            "id": "ocid1.waaspolicy.oc1..aaaaaaaav7tku5sgykfgty4jnavnuyz62fa422cx6oyfbmmds4mqiwu4gipa",
            "origin_groups": [
              {
                "label": "originGroups1",
                "origin_group": [
                  {
                    "origin": "web0.block.ocitutorials.tk",
                    "weight": 1
                  }
                ]
              }
            ],
            "origins": [
              {
                "custom_headers": [
                  {
                    "name": "undefined",
                    "value": "undefined"
                  }
                ],
                "http_port": 80,
                "https_port": 443,
                "label": "web0.block.ocitutorials.tk",
                "uri": "web0.ocitutorials.tk"
              }
            ],
            "policy_config": [
              {
                "certificate_id": "",
                "cipher_group": "",
                "client_address_header": "",
                "is_behind_cdn": false,
                "is_cache_control_respected": false,
                "is_https_enabled": false,
                "is_https_forced": false,
                "is_origin_compression_enabled": false,
                "is_response_buffering_enabled": false,
                "tls_protocols": []
              }
            ],
            "state": "ACTIVE",
            "time_created": "2019-10-18 05:49:00.793 +0000 UTC",
            "timeouts": null,
            "waf_config": [
              {
                "access_rules": [],
                "address_rate_limiting": [
                  {
                    "allowed_rate_per_address": 1,
                    "block_response_code": 503,
                    "is_enabled": false,
                    "max_delayed_count_per_address": 10
                  }
                ],
                "caching_rules": [],
                "captchas": [],
                "custom_protection_rules": [],
                "device_fingerprint_challenge": [
                  {
                    "action": "DETECT",
                    "action_expiration_in_seconds": 60,
                    "challenge_settings": [
                      {
                        "block_action": "SHOW_ERROR_PAGE",
                        "block_error_page_code": "DFC",
                        "block_error_page_description": "Access blocked by website owner. Please contact support.",
                        "block_error_page_message": "Access to the website is blocked.",
                        "block_response_code": 403,
                        "captcha_footer": "Enter the letters and numbers as they are shown in image above.",
                        "captcha_header": "We have detected an increased number of attempts to access this website. To help us keep this site secure, please let us know that you are not a robot by entering the text from the image below.",
                        "captcha_submit_label": "Yes, I am human.",
                        "captcha_title": "Are you human?"
                      }
                    ],
                    "failure_threshold": 10,
                    "failure_threshold_expiration_in_seconds": 60,
                    "is_enabled": false,
                    "max_address_count": 20,
                    "max_address_count_expiration_in_seconds": 60
                  }
                ],
                "human_interaction_challenge": [
                  {
                    "action": "DETECT",
                    "action_expiration_in_seconds": 60,
                    "challenge_settings": [
                      {
                        "block_action": "SHOW_ERROR_PAGE",
                        "block_error_page_code": "HIC",
                        "block_error_page_description": "Access blocked by website owner. Please contact support.",
                        "block_error_page_message": "Access to the website is blocked.",
                        "block_response_code": 403,
                        "captcha_footer": "Enter the letters and numbers as they are shown in image above.",
                        "captcha_header": "We have detected an increased number of attempts to access this website. To help us keep this site secure, please let us know that you are not a robot by entering the text from the image below.",
                        "captcha_submit_label": "Yes, I am human.",
                        "captcha_title": "Are you human?"
                      }
                    ],
                    "failure_threshold": 10,
                    "failure_threshold_expiration_in_seconds": 60,
                    "interaction_threshold": 3,
                    "is_enabled": false,
                    "recording_period_in_seconds": 15,
                    "set_http_header": []
                  }
                ],
                "js_challenge": [
                  {
                    "action": "DETECT",
                    "action_expiration_in_seconds": 60,
                    "challenge_settings": [
                      {
                        "block_action": "SHOW_ERROR_PAGE",
                        "block_error_page_code": "JSC-403",
                        "block_error_page_description": "Access blocked by website owner. Please contact support.",
                        "block_error_page_message": "Access to the website is blocked.",
                        "block_response_code": 403,
                        "captcha_footer": "Enter the letters and numbers as they are shown in image above.",
                        "captcha_header": "We have detected an increased number of attempts to access this website. To help us keep this site secure, please let us know that you are not a robot by entering the text from the image below.",
                        "captcha_submit_label": "Yes, I am human.",
                        "captcha_title": "Are you human?"
                      }
                    ],
                    "failure_threshold": 10,
                    "is_enabled": false,
                    "set_http_header": [
                      {
                        "name": "x-jsc-alerts",
                        "value": "{failed_amount}"
                      }
                    ]
                  }
                ],
                "origin": "web0.block.ocitutorials.tk",
                "origin_groups": [],
                "protection_settings": [
                  {
                    "allowed_http_methods": [
                      "GET",
                      "POST",
                      "HEAD",
                      "OPTIONS"
                    ],
                    "block_action": "SET_RESPONSE_CODE",
                    "block_error_page_code": "403",
                    "block_error_page_description": "Access blocked by website owner. Please contact support.",
                    "block_error_page_message": "Access to the website is blocked.",
                    "block_response_code": 403,
                    "is_response_inspected": false,
                    "max_argument_count": 255,
                    "max_name_length_per_argument": 400,
                    "max_response_size_in_ki_b": 1024,
                    "max_total_name_length_of_arguments": 64000,
                    "media_types": [
                      "text/html",
                      "text/plain"
                    ],
                    "recommendations_period_in_days": 10
                  }
                ],
                "whitelists": []
              }
            ]
          },
          "private": "eyJlMmJmYjczMC1lY2FhLTExZTYtOGY4OC0zNDM2M2JjN2M0YzAiOnsiY3JlYXRlIjo3MjAwMDAwMDAwMDAwLCJkZWxldGUiOjcyMDAwMDAwMDAwMDAsInVwZGF0ZSI6NzIwMDAwMDAwMDAwMH19"
        },
        {
          "index_key": 1,
          "schema_version": 0,
          "attributes": {
            "additional_domains": [],
            "cname": "web1-block-ocitutorials-tk.b.waas.oci.oraclecloud.net",
            "compartment_id": "ocid1.compartment.oc1..aaaaaaaap7zxffy5cadhxdn363f6up4wnf5y2s7frdx5i7ecv6npdvsnrkra",
            "defined_tags": {
              "basic.created_by": "ocid1.instance.oc1.iad.abuwcljti7acyozxkolrblsui3442rdwkzgg4dibo3m5vrt3owbwm57jzjea (instance)",
              "basic.owner": "masataka.marukawa",
              "organization.fy20_level_1": "staketsu_org",
              "organization.fy20_level_2": "skuroda_org"
            },
            "display_name": "web1.block.ocitutorials.tk",
            "domain": "web1.block.ocitutorials.tk",
            "freeform_tags": {},
            "id": "ocid1.waaspolicy.oc1..aaaaaaaapuivtggwukezxewazp2tv6l4h5h4bipocxfqw4ogycobkx3hsrea",
            "origin_groups": [
              {
                "label": "originGroups1",
                "origin_group": [
                  {
                    "origin": "web1.block.ocitutorials.tk",
                    "weight": 1
                  }
                ]
              }
            ],
            "origins": [
              {
                "custom_headers": [
                  {
                    "name": "undefined",
                    "value": "undefined"
                  }
                ],
                "http_port": 80,
                "https_port": 443,
                "label": "web1.block.ocitutorials.tk",
                "uri": "web1.ocitutorials.tk"
              }
            ],
            "policy_config": [
              {
                "certificate_id": "",
                "cipher_group": "",
                "client_address_header": "",
                "is_behind_cdn": false,
                "is_cache_control_respected": false,
                "is_https_enabled": false,
                "is_https_forced": false,
                "is_origin_compression_enabled": false,
                "is_response_buffering_enabled": false,
                "tls_protocols": []
              }
            ],
            "state": "ACTIVE",
            "time_created": "2019-10-18 05:49:00.106 +0000 UTC",
            "timeouts": null,
            "waf_config": [
              {
                "access_rules": [],
                "address_rate_limiting": [
                  {
                    "allowed_rate_per_address": 1,
                    "block_response_code": 503,
                    "is_enabled": false,
                    "max_delayed_count_per_address": 10
                  }
                ],
                "caching_rules": [],
                "captchas": [],
                "custom_protection_rules": [],
                "device_fingerprint_challenge": [
                  {
                    "action": "DETECT",
                    "action_expiration_in_seconds": 60,
                    "challenge_settings": [
                      {
                        "block_action": "SHOW_ERROR_PAGE",
                        "block_error_page_code": "DFC",
                        "block_error_page_description": "Access blocked by website owner. Please contact support.",
                        "block_error_page_message": "Access to the website is blocked.",
                        "block_response_code": 403,
                        "captcha_footer": "Enter the letters and numbers as they are shown in image above.",
                        "captcha_header": "We have detected an increased number of attempts to access this website. To help us keep this site secure, please let us know that you are not a robot by entering the text from the image below.",
                        "captcha_submit_label": "Yes, I am human.",
                        "captcha_title": "Are you human?"
                      }
                    ],
                    "failure_threshold": 10,
                    "failure_threshold_expiration_in_seconds": 60,
                    "is_enabled": false,
                    "max_address_count": 20,
                    "max_address_count_expiration_in_seconds": 60
                  }
                ],
                "human_interaction_challenge": [
                  {
                    "action": "DETECT",
                    "action_expiration_in_seconds": 60,
                    "challenge_settings": [
                      {
                        "block_action": "SHOW_ERROR_PAGE",
                        "block_error_page_code": "HIC",
                        "block_error_page_description": "Access blocked by website owner. Please contact support.",
                        "block_error_page_message": "Access to the website is blocked.",
                        "block_response_code": 403,
                        "captcha_footer": "Enter the letters and numbers as they are shown in image above.",
                        "captcha_header": "We have detected an increased number of attempts to access this website. To help us keep this site secure, please let us know that you are not a robot by entering the text from the image below.",
                        "captcha_submit_label": "Yes, I am human.",
                        "captcha_title": "Are you human?"
                      }
                    ],
                    "failure_threshold": 10,
                    "failure_threshold_expiration_in_seconds": 60,
                    "interaction_threshold": 3,
                    "is_enabled": false,
                    "recording_period_in_seconds": 15,
                    "set_http_header": []
                  }
                ],
                "js_challenge": [
                  {
                    "action": "DETECT",
                    "action_expiration_in_seconds": 60,
                    "challenge_settings": [
                      {
                        "block_action": "SHOW_ERROR_PAGE",
                        "block_error_page_code": "JSC-403",
                        "block_error_page_description": "Access blocked by website owner. Please contact support.",
                        "block_error_page_message": "Access to the website is blocked.",
                        "block_response_code": 403,
                        "captcha_footer": "Enter the letters and numbers as they are shown in image above.",
                        "captcha_header": "We have detected an increased number of attempts to access this website. To help us keep this site secure, please let us know that you are not a robot by entering the text from the image below.",
                        "captcha_submit_label": "Yes, I am human.",
                        "captcha_title": "Are you human?"
                      }
                    ],
                    "failure_threshold": 10,
                    "is_enabled": false,
                    "set_http_header": [
                      {
                        "name": "x-jsc-alerts",
                        "value": "{failed_amount}"
                      }
                    ]
                  }
                ],
                "origin": "web1.block.ocitutorials.tk",
                "origin_groups": [],
                "protection_settings": [
                  {
                    "allowed_http_methods": [
                      "GET",
                      "POST",
                      "HEAD",
                      "OPTIONS"
                    ],
                    "block_action": "SET_RESPONSE_CODE",
                    "block_error_page_code": "403",
                    "block_error_page_description": "Access blocked by website owner. Please contact support.",
                    "block_error_page_message": "Access to the website is blocked.",
                    "block_response_code": 403,
                    "is_response_inspected": false,
                    "max_argument_count": 255,
                    "max_name_length_per_argument": 400,
                    "max_response_size_in_ki_b": 1024,
                    "max_total_name_length_of_arguments": 64000,
                    "media_types": [
                      "text/html",
                      "text/plain"
                    ],
                    "recommendations_period_in_days": 10
                  }
                ],
                "whitelists": []
              }
            ]
          },
          "private": "eyJlMmJmYjczMC1lY2FhLTExZTYtOGY4OC0zNDM2M2JjN2M0YzAiOnsiY3JlYXRlIjo3MjAwMDAwMDAwMDAwLCJkZWxldGUiOjcyMDAwMDAwMDAwMDAsInVwZGF0ZSI6NzIwMDAwMDAwMDAwMH19"
        },
        {
          "index_key": 2,
          "schema_version": 0,
          "attributes": {
            "additional_domains": [],
            "cname": "web2-block-ocitutorials-tk.b.waas.oci.oraclecloud.net",
            "compartment_id": "ocid1.compartment.oc1..aaaaaaaap7zxffy5cadhxdn363f6up4wnf5y2s7frdx5i7ecv6npdvsnrkra",
            "defined_tags": {
              "basic.created_by": "ocid1.instance.oc1.iad.abuwcljti7acyozxkolrblsui3442rdwkzgg4dibo3m5vrt3owbwm57jzjea (instance)",
              "basic.owner": "masataka.marukawa",
              "organization.fy20_level_1": "staketsu_org",
              "organization.fy20_level_2": "skuroda_org"
            },
            "display_name": "web2.block.ocitutorials.tk",
            "domain": "web2.block.ocitutorials.tk",
            "freeform_tags": {},
            "id": "ocid1.waaspolicy.oc1..aaaaaaaa7lovvsyphabjeutjobczkndkha42udynidputenteygi7s3hddtq",
            "origin_groups": [
              {
                "label": "originGroups1",
                "origin_group": [
                  {
                    "origin": "web2.block.ocitutorials.tk",
                    "weight": 1
                  }
                ]
              }
            ],
            "origins": [
              {
                "custom_headers": [
                  {
                    "name": "undefined",
                    "value": "undefined"
                  }
                ],
                "http_port": 80,
                "https_port": 443,
                "label": "web2.block.ocitutorials.tk",
                "uri": "web2.ocitutorials.tk"
              }
            ],
            "policy_config": [
              {
                "certificate_id": "",
                "cipher_group": "",
                "client_address_header": "",
                "is_behind_cdn": false,
                "is_cache_control_respected": false,
                "is_https_enabled": false,
                "is_https_forced": false,
                "is_origin_compression_enabled": false,
                "is_response_buffering_enabled": false,
                "tls_protocols": []
              }
            ],
            "state": "ACTIVE",
            "time_created": "2019-10-18 05:49:04.788 +0000 UTC",
            "timeouts": null,
            "waf_config": [
              {
                "access_rules": [],
                "address_rate_limiting": [
                  {
                    "allowed_rate_per_address": 1,
                    "block_response_code": 503,
                    "is_enabled": false,
                    "max_delayed_count_per_address": 10
                  }
                ],
                "caching_rules": [],
                "captchas": [],
                "custom_protection_rules": [],
                "device_fingerprint_challenge": [
                  {
                    "action": "DETECT",
                    "action_expiration_in_seconds": 60,
                    "challenge_settings": [
                      {
                        "block_action": "SHOW_ERROR_PAGE",
                        "block_error_page_code": "DFC",
                        "block_error_page_description": "Access blocked by website owner. Please contact support.",
                        "block_error_page_message": "Access to the website is blocked.",
                        "block_response_code": 403,
                        "captcha_footer": "Enter the letters and numbers as they are shown in image above.",
                        "captcha_header": "We have detected an increased number of attempts to access this website. To help us keep this site secure, please let us know that you are not a robot by entering the text from the image below.",
                        "captcha_submit_label": "Yes, I am human.",
                        "captcha_title": "Are you human?"
                      }
                    ],
                    "failure_threshold": 10,
                    "failure_threshold_expiration_in_seconds": 60,
                    "is_enabled": false,
                    "max_address_count": 20,
                    "max_address_count_expiration_in_seconds": 60
                  }
                ],
                "human_interaction_challenge": [
                  {
                    "action": "DETECT",
                    "action_expiration_in_seconds": 60,
                    "challenge_settings": [
                      {
                        "block_action": "SHOW_ERROR_PAGE",
                        "block_error_page_code": "HIC",
                        "block_error_page_description": "Access blocked by website owner. Please contact support.",
                        "block_error_page_message": "Access to the website is blocked.",
                        "block_response_code": 403,
                        "captcha_footer": "Enter the letters and numbers as they are shown in image above.",
                        "captcha_header": "We have detected an increased number of attempts to access this website. To help us keep this site secure, please let us know that you are not a robot by entering the text from the image below.",
                        "captcha_submit_label": "Yes, I am human.",
                        "captcha_title": "Are you human?"
                      }
                    ],
                    "failure_threshold": 10,
                    "failure_threshold_expiration_in_seconds": 60,
                    "interaction_threshold": 3,
                    "is_enabled": false,
                    "recording_period_in_seconds": 15,
                    "set_http_header": []
                  }
                ],
                "js_challenge": [
                  {
                    "action": "DETECT",
                    "action_expiration_in_seconds": 60,
                    "challenge_settings": [
                      {
                        "block_action": "SHOW_ERROR_PAGE",
                        "block_error_page_code": "JSC-403",
                        "block_error_page_description": "Access blocked by website owner. Please contact support.",
                        "block_error_page_message": "Access to the website is blocked.",
                        "block_response_code": 403,
                        "captcha_footer": "Enter the letters and numbers as they are shown in image above.",
                        "captcha_header": "We have detected an increased number of attempts to access this website. To help us keep this site secure, please let us know that you are not a robot by entering the text from the image below.",
                        "captcha_submit_label": "Yes, I am human.",
                        "captcha_title": "Are you human?"
                      }
                    ],
                    "failure_threshold": 10,
                    "is_enabled": false,
                    "set_http_header": [
                      {
                        "name": "x-jsc-alerts",
                        "value": "{failed_amount}"
                      }
                    ]
                  }
                ],
                "origin": "web2.block.ocitutorials.tk",
                "origin_groups": [],
                "protection_settings": [
                  {
                    "allowed_http_methods": [
                      "GET",
                      "POST",
                      "HEAD",
                      "OPTIONS"
                    ],
                    "block_action": "SET_RESPONSE_CODE",
                    "block_error_page_code": "403",
                    "block_error_page_description": "Access blocked by website owner. Please contact support.",
                    "block_error_page_message": "Access to the website is blocked.",
                    "block_response_code": 403,
                    "is_response_inspected": false,
                    "max_argument_count": 255,
                    "max_name_length_per_argument": 400,
                    "max_response_size_in_ki_b": 1024,
                    "max_total_name_length_of_arguments": 64000,
                    "media_types": [
                      "text/html",
                      "text/plain"
                    ],
                    "recommendations_period_in_days": 10
                  }
                ],
                "whitelists": []
              }
            ]
          },
          "private": "eyJlMmJmYjczMC1lY2FhLTExZTYtOGY4OC0zNDM2M2JjN2M0YzAiOnsiY3JlYXRlIjo3MjAwMDAwMDAwMDAwLCJkZWxldGUiOjcyMDAwMDAwMDAwMDAsInVwZGF0ZSI6NzIwMDAwMDAwMDAwMH19"
        },
        {
          "index_key": 3,
          "schema_version": 0,
          "attributes": {
            "additional_domains": [],
            "cname": "web3-block-ocitutorials-tk.b.waas.oci.oraclecloud.net",
            "compartment_id": "ocid1.compartment.oc1..aaaaaaaap7zxffy5cadhxdn363f6up4wnf5y2s7frdx5i7ecv6npdvsnrkra",
            "defined_tags": {
              "basic.created_by": "ocid1.instance.oc1.iad.abuwcljti7acyozxkolrblsui3442rdwkzgg4dibo3m5vrt3owbwm57jzjea (instance)",
              "basic.owner": "masataka.marukawa",
              "organization.fy20_level_1": "staketsu_org",
              "organization.fy20_level_2": "skuroda_org"
            },
            "display_name": "web3.block.ocitutorials.tk",
            "domain": "web3.block.ocitutorials.tk",
            "freeform_tags": {},
            "id": "ocid1.waaspolicy.oc1..aaaaaaaa3xempe34n2fifb4tq6vrrrkitwojm3coqqi6xrkvyofspr6ovrbq",
            "origin_groups": [
              {
                "label": "originGroups1",
                "origin_group": [
                  {
                    "origin": "web3.block.ocitutorials.tk",
                    "weight": 1
                  }
                ]
              }
            ],
            "origins": [
              {
                "custom_headers": [
                  {
                    "name": "undefined",
                    "value": "undefined"
                  }
                ],
                "http_port": 80,
                "https_port": 443,
                "label": "web3.block.ocitutorials.tk",
                "uri": "web3.ocitutorials.tk"
              }
            ],
            "policy_config": [
              {
                "certificate_id": "",
                "cipher_group": "",
                "client_address_header": "",
                "is_behind_cdn": false,
                "is_cache_control_respected": false,
                "is_https_enabled": false,
                "is_https_forced": false,
                "is_origin_compression_enabled": false,
                "is_response_buffering_enabled": false,
                "tls_protocols": []
              }
            ],
            "state": "ACTIVE",
            "time_created": "2019-10-18 05:49:04.71 +0000 UTC",
            "timeouts": null,
            "waf_config": [
              {
                "access_rules": [],
                "address_rate_limiting": [
                  {
                    "allowed_rate_per_address": 1,
                    "block_response_code": 503,
                    "is_enabled": false,
                    "max_delayed_count_per_address": 10
                  }
                ],
                "caching_rules": [],
                "captchas": [],
                "custom_protection_rules": [],
                "device_fingerprint_challenge": [
                  {
                    "action": "DETECT",
                    "action_expiration_in_seconds": 60,
                    "challenge_settings": [
                      {
                        "block_action": "SHOW_ERROR_PAGE",
                        "block_error_page_code": "DFC",
                        "block_error_page_description": "Access blocked by website owner. Please contact support.",
                        "block_error_page_message": "Access to the website is blocked.",
                        "block_response_code": 403,
                        "captcha_footer": "Enter the letters and numbers as they are shown in image above.",
                        "captcha_header": "We have detected an increased number of attempts to access this website. To help us keep this site secure, please let us know that you are not a robot by entering the text from the image below.",
                        "captcha_submit_label": "Yes, I am human.",
                        "captcha_title": "Are you human?"
                      }
                    ],
                    "failure_threshold": 10,
                    "failure_threshold_expiration_in_seconds": 60,
                    "is_enabled": false,
                    "max_address_count": 20,
                    "max_address_count_expiration_in_seconds": 60
                  }
                ],
                "human_interaction_challenge": [
                  {
                    "action": "DETECT",
                    "action_expiration_in_seconds": 60,
                    "challenge_settings": [
                      {
                        "block_action": "SHOW_ERROR_PAGE",
                        "block_error_page_code": "HIC",
                        "block_error_page_description": "Access blocked by website owner. Please contact support.",
                        "block_error_page_message": "Access to the website is blocked.",
                        "block_response_code": 403,
                        "captcha_footer": "Enter the letters and numbers as they are shown in image above.",
                        "captcha_header": "We have detected an increased number of attempts to access this website. To help us keep this site secure, please let us know that you are not a robot by entering the text from the image below.",
                        "captcha_submit_label": "Yes, I am human.",
                        "captcha_title": "Are you human?"
                      }
                    ],
                    "failure_threshold": 10,
                    "failure_threshold_expiration_in_seconds": 60,
                    "interaction_threshold": 3,
                    "is_enabled": false,
                    "recording_period_in_seconds": 15,
                    "set_http_header": []
                  }
                ],
                "js_challenge": [
                  {
                    "action": "DETECT",
                    "action_expiration_in_seconds": 60,
                    "challenge_settings": [
                      {
                        "block_action": "SHOW_ERROR_PAGE",
                        "block_error_page_code": "JSC-403",
                        "block_error_page_description": "Access blocked by website owner. Please contact support.",
                        "block_error_page_message": "Access to the website is blocked.",
                        "block_response_code": 403,
                        "captcha_footer": "Enter the letters and numbers as they are shown in image above.",
                        "captcha_header": "We have detected an increased number of attempts to access this website. To help us keep this site secure, please let us know that you are not a robot by entering the text from the image below.",
                        "captcha_submit_label": "Yes, I am human.",
                        "captcha_title": "Are you human?"
                      }
                    ],
                    "failure_threshold": 10,
                    "is_enabled": false,
                    "set_http_header": [
                      {
                        "name": "x-jsc-alerts",
                        "value": "{failed_amount}"
                      }
                    ]
                  }
                ],
                "origin": "web3.block.ocitutorials.tk",
                "origin_groups": [],
                "protection_settings": [
                  {
                    "allowed_http_methods": [
                      "GET",
                      "POST",
                      "HEAD",
                      "OPTIONS"
                    ],
                    "block_action": "SET_RESPONSE_CODE",
                    "block_error_page_code": "403",
                    "block_error_page_description": "Access blocked by website owner. Please contact support.",
                    "block_error_page_message": "Access to the website is blocked.",
                    "block_response_code": 403,
                    "is_response_inspected": false,
                    "max_argument_count": 255,
                    "max_name_length_per_argument": 400,
                    "max_response_size_in_ki_b": 1024,
                    "max_total_name_length_of_arguments": 64000,
                    "media_types": [
                      "text/html",
                      "text/plain"
                    ],
                    "recommendations_period_in_days": 10
                  }
                ],
                "whitelists": []
              }
            ]
          },
          "private": "eyJlMmJmYjczMC1lY2FhLTExZTYtOGY4OC0zNDM2M2JjN2M0YzAiOnsiY3JlYXRlIjo3MjAwMDAwMDAwMDAwLCJkZWxldGUiOjcyMDAwMDAwMDAwMDAsInVwZGF0ZSI6NzIwMDAwMDAwMDAwMH19"
        },
        {
          "index_key": 4,
          "schema_version": 0,
          "attributes": {
            "additional_domains": [],
            "cname": "web4-block-ocitutorials-tk.b.waas.oci.oraclecloud.net",
            "compartment_id": "ocid1.compartment.oc1..aaaaaaaap7zxffy5cadhxdn363f6up4wnf5y2s7frdx5i7ecv6npdvsnrkra",
            "defined_tags": {
              "basic.created_by": "ocid1.instance.oc1.iad.abuwcljti7acyozxkolrblsui3442rdwkzgg4dibo3m5vrt3owbwm57jzjea (instance)",
              "basic.owner": "masataka.marukawa",
              "organization.fy20_level_1": "staketsu_org",
              "organization.fy20_level_2": "skuroda_org"
            },
            "display_name": "web4.block.ocitutorials.tk",
            "domain": "web4.block.ocitutorials.tk",
            "freeform_tags": {},
            "id": "ocid1.waaspolicy.oc1..aaaaaaaadb4mildmo2xch65atnp4nbubymf4mw53vyb5ma7nnx765fw4rv4a",
            "origin_groups": [
              {
                "label": "originGroups1",
                "origin_group": [
                  {
                    "origin": "web4.block.ocitutorials.tk",
                    "weight": 1
                  }
                ]
              }
            ],
            "origins": [
              {
                "custom_headers": [
                  {
                    "name": "undefined",
                    "value": "undefined"
                  }
                ],
                "http_port": 80,
                "https_port": 443,
                "label": "web4.block.ocitutorials.tk",
                "uri": "web4.ocitutorials.tk"
              }
            ],
            "policy_config": [
              {
                "certificate_id": "",
                "cipher_group": "",
                "client_address_header": "",
                "is_behind_cdn": false,
                "is_cache_control_respected": false,
                "is_https_enabled": false,
                "is_https_forced": false,
                "is_origin_compression_enabled": false,
                "is_response_buffering_enabled": false,
                "tls_protocols": []
              }
            ],
            "state": "ACTIVE",
            "time_created": "2019-10-18 05:49:05.194 +0000 UTC",
            "timeouts": null,
            "waf_config": [
              {
                "access_rules": [],
                "address_rate_limiting": [
                  {
                    "allowed_rate_per_address": 1,
                    "block_response_code": 503,
                    "is_enabled": false,
                    "max_delayed_count_per_address": 10
                  }
                ],
                "caching_rules": [],
                "captchas": [],
                "custom_protection_rules": [],
                "device_fingerprint_challenge": [
                  {
                    "action": "DETECT",
                    "action_expiration_in_seconds": 60,
                    "challenge_settings": [
                      {
                        "block_action": "SHOW_ERROR_PAGE",
                        "block_error_page_code": "DFC",
                        "block_error_page_description": "Access blocked by website owner. Please contact support.",
                        "block_error_page_message": "Access to the website is blocked.",
                        "block_response_code": 403,
                        "captcha_footer": "Enter the letters and numbers as they are shown in image above.",
                        "captcha_header": "We have detected an increased number of attempts to access this website. To help us keep this site secure, please let us know that you are not a robot by entering the text from the image below.",
                        "captcha_submit_label": "Yes, I am human.",
                        "captcha_title": "Are you human?"
                      }
                    ],
                    "failure_threshold": 10,
                    "failure_threshold_expiration_in_seconds": 60,
                    "is_enabled": false,
                    "max_address_count": 20,
                    "max_address_count_expiration_in_seconds": 60
                  }
                ],
                "human_interaction_challenge": [
                  {
                    "action": "DETECT",
                    "action_expiration_in_seconds": 60,
                    "challenge_settings": [
                      {
                        "block_action": "SHOW_ERROR_PAGE",
                        "block_error_page_code": "HIC",
                        "block_error_page_description": "Access blocked by website owner. Please contact support.",
                        "block_error_page_message": "Access to the website is blocked.",
                        "block_response_code": 403,
                        "captcha_footer": "Enter the letters and numbers as they are shown in image above.",
                        "captcha_header": "We have detected an increased number of attempts to access this website. To help us keep this site secure, please let us know that you are not a robot by entering the text from the image below.",
                        "captcha_submit_label": "Yes, I am human.",
                        "captcha_title": "Are you human?"
                      }
                    ],
                    "failure_threshold": 10,
                    "failure_threshold_expiration_in_seconds": 60,
                    "interaction_threshold": 3,
                    "is_enabled": false,
                    "recording_period_in_seconds": 15,
                    "set_http_header": []
                  }
                ],
                "js_challenge": [
                  {
                    "action": "DETECT",
                    "action_expiration_in_seconds": 60,
                    "challenge_settings": [
                      {
                        "block_action": "SHOW_ERROR_PAGE",
                        "block_error_page_code": "JSC-403",
                        "block_error_page_description": "Access blocked by website owner. Please contact support.",
                        "block_error_page_message": "Access to the website is blocked.",
                        "block_response_code": 403,
                        "captcha_footer": "Enter the letters and numbers as they are shown in image above.",
                        "captcha_header": "We have detected an increased number of attempts to access this website. To help us keep this site secure, please let us know that you are not a robot by entering the text from the image below.",
                        "captcha_submit_label": "Yes, I am human.",
                        "captcha_title": "Are you human?"
                      }
                    ],
                    "failure_threshold": 10,
                    "is_enabled": false,
                    "set_http_header": [
                      {
                        "name": "x-jsc-alerts",
                        "value": "{failed_amount}"
                      }
                    ]
                  }
                ],
                "origin": "web4.block.ocitutorials.tk",
                "origin_groups": [],
                "protection_settings": [
                  {
                    "allowed_http_methods": [
                      "GET",
                      "POST",
                      "HEAD",
                      "OPTIONS"
                    ],
                    "block_action": "SET_RESPONSE_CODE",
                    "block_error_page_code": "403",
                    "block_error_page_description": "Access blocked by website owner. Please contact support.",
                    "block_error_page_message": "Access to the website is blocked.",
                    "block_response_code": 403,
                    "is_response_inspected": false,
                    "max_argument_count": 255,
                    "max_name_length_per_argument": 400,
                    "max_response_size_in_ki_b": 1024,
                    "max_total_name_length_of_arguments": 64000,
                    "media_types": [
                      "text/html",
                      "text/plain"
                    ],
                    "recommendations_period_in_days": 10
                  }
                ],
                "whitelists": []
              }
            ]
          },
          "private": "eyJlMmJmYjczMC1lY2FhLTExZTYtOGY4OC0zNDM2M2JjN2M0YzAiOnsiY3JlYXRlIjo3MjAwMDAwMDAwMDAwLCJkZWxldGUiOjcyMDAwMDAwMDAwMDAsInVwZGF0ZSI6NzIwMDAwMDAwMDAwMH19"
        },
        {
          "index_key": 5,
          "schema_version": 0,
          "attributes": {
            "additional_domains": [],
            "cname": "web5-block-ocitutorials-tk.b.waas.oci.oraclecloud.net",
            "compartment_id": "ocid1.compartment.oc1..aaaaaaaap7zxffy5cadhxdn363f6up4wnf5y2s7frdx5i7ecv6npdvsnrkra",
            "defined_tags": {
              "basic.created_by": "ocid1.instance.oc1.iad.abuwcljti7acyozxkolrblsui3442rdwkzgg4dibo3m5vrt3owbwm57jzjea (instance)",
              "basic.owner": "masataka.marukawa",
              "organization.fy20_level_1": "staketsu_org",
              "organization.fy20_level_2": "skuroda_org"
            },
            "display_name": "web5.block.ocitutorials.tk",
            "domain": "web5.block.ocitutorials.tk",
            "freeform_tags": {},
            "id": "ocid1.waaspolicy.oc1..aaaaaaaafyyrpifdnvrjbs2f3gegbtnjtoid4x44eayczhvmhw6sltxrnsca",
            "origin_groups": [
              {
                "label": "originGroups1",
                "origin_group": [
                  {
                    "origin": "web5.block.ocitutorials.tk",
                    "weight": 1
                  }
                ]
              }
            ],
            "origins": [
              {
                "custom_headers": [
                  {
                    "name": "undefined",
                    "value": "undefined"
                  }
                ],
                "http_port": 80,
                "https_port": 443,
                "label": "web5.block.ocitutorials.tk",
                "uri": "web5.ocitutorials.tk"
              }
            ],
            "policy_config": [
              {
                "certificate_id": "",
                "cipher_group": "",
                "client_address_header": "",
                "is_behind_cdn": false,
                "is_cache_control_respected": false,
                "is_https_enabled": false,
                "is_https_forced": false,
                "is_origin_compression_enabled": false,
                "is_response_buffering_enabled": false,
                "tls_protocols": []
              }
            ],
            "state": "ACTIVE",
            "time_created": "2019-10-18 05:49:03.864 +0000 UTC",
            "timeouts": null,
            "waf_config": [
              {
                "access_rules": [],
                "address_rate_limiting": [
                  {
                    "allowed_rate_per_address": 1,
                    "block_response_code": 503,
                    "is_enabled": false,
                    "max_delayed_count_per_address": 10
                  }
                ],
                "caching_rules": [],
                "captchas": [],
                "custom_protection_rules": [],
                "device_fingerprint_challenge": [
                  {
                    "action": "DETECT",
                    "action_expiration_in_seconds": 60,
                    "challenge_settings": [
                      {
                        "block_action": "SHOW_ERROR_PAGE",
                        "block_error_page_code": "DFC",
                        "block_error_page_description": "Access blocked by website owner. Please contact support.",
                        "block_error_page_message": "Access to the website is blocked.",
                        "block_response_code": 403,
                        "captcha_footer": "Enter the letters and numbers as they are shown in image above.",
                        "captcha_header": "We have detected an increased number of attempts to access this website. To help us keep this site secure, please let us know that you are not a robot by entering the text from the image below.",
                        "captcha_submit_label": "Yes, I am human.",
                        "captcha_title": "Are you human?"
                      }
                    ],
                    "failure_threshold": 10,
                    "failure_threshold_expiration_in_seconds": 60,
                    "is_enabled": false,
                    "max_address_count": 20,
                    "max_address_count_expiration_in_seconds": 60
                  }
                ],
                "human_interaction_challenge": [
                  {
                    "action": "DETECT",
                    "action_expiration_in_seconds": 60,
                    "challenge_settings": [
                      {
                        "block_action": "SHOW_ERROR_PAGE",
                        "block_error_page_code": "HIC",
                        "block_error_page_description": "Access blocked by website owner. Please contact support.",
                        "block_error_page_message": "Access to the website is blocked.",
                        "block_response_code": 403,
                        "captcha_footer": "Enter the letters and numbers as they are shown in image above.",
                        "captcha_header": "We have detected an increased number of attempts to access this website. To help us keep this site secure, please let us know that you are not a robot by entering the text from the image below.",
                        "captcha_submit_label": "Yes, I am human.",
                        "captcha_title": "Are you human?"
                      }
                    ],
                    "failure_threshold": 10,
                    "failure_threshold_expiration_in_seconds": 60,
                    "interaction_threshold": 3,
                    "is_enabled": false,
                    "recording_period_in_seconds": 15,
                    "set_http_header": []
                  }
                ],
                "js_challenge": [
                  {
                    "action": "DETECT",
                    "action_expiration_in_seconds": 60,
                    "challenge_settings": [
                      {
                        "block_action": "SHOW_ERROR_PAGE",
                        "block_error_page_code": "JSC-403",
                        "block_error_page_description": "Access blocked by website owner. Please contact support.",
                        "block_error_page_message": "Access to the website is blocked.",
                        "block_response_code": 403,
                        "captcha_footer": "Enter the letters and numbers as they are shown in image above.",
                        "captcha_header": "We have detected an increased number of attempts to access this website. To help us keep this site secure, please let us know that you are not a robot by entering the text from the image below.",
                        "captcha_submit_label": "Yes, I am human.",
                        "captcha_title": "Are you human?"
                      }
                    ],
                    "failure_threshold": 10,
                    "is_enabled": false,
                    "set_http_header": [
                      {
                        "name": "x-jsc-alerts",
                        "value": "{failed_amount}"
                      }
                    ]
                  }
                ],
                "origin": "web5.block.ocitutorials.tk",
                "origin_groups": [],
                "protection_settings": [
                  {
                    "allowed_http_methods": [
                      "GET",
                      "POST",
                      "HEAD",
                      "OPTIONS"
                    ],
                    "block_action": "SET_RESPONSE_CODE",
                    "block_error_page_code": "403",
                    "block_error_page_description": "Access blocked by website owner. Please contact support.",
                    "block_error_page_message": "Access to the website is blocked.",
                    "block_response_code": 403,
                    "is_response_inspected": false,
                    "max_argument_count": 255,
                    "max_name_length_per_argument": 400,
                    "max_response_size_in_ki_b": 1024,
                    "max_total_name_length_of_arguments": 64000,
                    "media_types": [
                      "text/html",
                      "text/plain"
                    ],
                    "recommendations_period_in_days": 10
                  }
                ],
                "whitelists": []
              }
            ]
          },
          "private": "eyJlMmJmYjczMC1lY2FhLTExZTYtOGY4OC0zNDM2M2JjN2M0YzAiOnsiY3JlYXRlIjo3MjAwMDAwMDAwMDAwLCJkZWxldGUiOjcyMDAwMDAwMDAwMDAsInVwZGF0ZSI6NzIwMDAwMDAwMDAwMH19"
        },
        {
          "index_key": 6,
          "schema_version": 0,
          "attributes": {
            "additional_domains": [],
            "cname": "web6-block-ocitutorials-tk.b.waas.oci.oraclecloud.net",
            "compartment_id": "ocid1.compartment.oc1..aaaaaaaap7zxffy5cadhxdn363f6up4wnf5y2s7frdx5i7ecv6npdvsnrkra",
            "defined_tags": {
              "basic.created_by": "ocid1.instance.oc1.iad.abuwcljti7acyozxkolrblsui3442rdwkzgg4dibo3m5vrt3owbwm57jzjea (instance)",
              "basic.owner": "masataka.marukawa",
              "organization.fy20_level_1": "staketsu_org",
              "organization.fy20_level_2": "skuroda_org"
            },
            "display_name": "web6.block.ocitutorials.tk",
            "domain": "web6.block.ocitutorials.tk",
            "freeform_tags": {},
            "id": "ocid1.waaspolicy.oc1..aaaaaaaabhqtktf74ztvnns6vrpwyzhu5qs4o564ahexxqxuw4cxzu3hn5ea",
            "origin_groups": [
              {
                "label": "originGroups1",
                "origin_group": [
                  {
                    "origin": "web6.block.ocitutorials.tk",
                    "weight": 1
                  }
                ]
              }
            ],
            "origins": [
              {
                "custom_headers": [
                  {
                    "name": "undefined",
                    "value": "undefined"
                  }
                ],
                "http_port": 80,
                "https_port": 443,
                "label": "web6.block.ocitutorials.tk",
                "uri": "web6.ocitutorials.tk"
              }
            ],
            "policy_config": [
              {
                "certificate_id": "",
                "cipher_group": "",
                "client_address_header": "",
                "is_behind_cdn": false,
                "is_cache_control_respected": false,
                "is_https_enabled": false,
                "is_https_forced": false,
                "is_origin_compression_enabled": false,
                "is_response_buffering_enabled": false,
                "tls_protocols": []
              }
            ],
            "state": "ACTIVE",
            "time_created": "2019-10-18 05:49:06.61 +0000 UTC",
            "timeouts": null,
            "waf_config": [
              {
                "access_rules": [],
                "address_rate_limiting": [
                  {
                    "allowed_rate_per_address": 1,
                    "block_response_code": 503,
                    "is_enabled": false,
                    "max_delayed_count_per_address": 10
                  }
                ],
                "caching_rules": [],
                "captchas": [],
                "custom_protection_rules": [],
                "device_fingerprint_challenge": [
                  {
                    "action": "DETECT",
                    "action_expiration_in_seconds": 60,
                    "challenge_settings": [
                      {
                        "block_action": "SHOW_ERROR_PAGE",
                        "block_error_page_code": "DFC",
                        "block_error_page_description": "Access blocked by website owner. Please contact support.",
                        "block_error_page_message": "Access to the website is blocked.",
                        "block_response_code": 403,
                        "captcha_footer": "Enter the letters and numbers as they are shown in image above.",
                        "captcha_header": "We have detected an increased number of attempts to access this website. To help us keep this site secure, please let us know that you are not a robot by entering the text from the image below.",
                        "captcha_submit_label": "Yes, I am human.",
                        "captcha_title": "Are you human?"
                      }
                    ],
                    "failure_threshold": 10,
                    "failure_threshold_expiration_in_seconds": 60,
                    "is_enabled": false,
                    "max_address_count": 20,
                    "max_address_count_expiration_in_seconds": 60
                  }
                ],
                "human_interaction_challenge": [
                  {
                    "action": "DETECT",
                    "action_expiration_in_seconds": 60,
                    "challenge_settings": [
                      {
                        "block_action": "SHOW_ERROR_PAGE",
                        "block_error_page_code": "HIC",
                        "block_error_page_description": "Access blocked by website owner. Please contact support.",
                        "block_error_page_message": "Access to the website is blocked.",
                        "block_response_code": 403,
                        "captcha_footer": "Enter the letters and numbers as they are shown in image above.",
                        "captcha_header": "We have detected an increased number of attempts to access this website. To help us keep this site secure, please let us know that you are not a robot by entering the text from the image below.",
                        "captcha_submit_label": "Yes, I am human.",
                        "captcha_title": "Are you human?"
                      }
                    ],
                    "failure_threshold": 10,
                    "failure_threshold_expiration_in_seconds": 60,
                    "interaction_threshold": 3,
                    "is_enabled": false,
                    "recording_period_in_seconds": 15,
                    "set_http_header": []
                  }
                ],
                "js_challenge": [
                  {
                    "action": "DETECT",
                    "action_expiration_in_seconds": 60,
                    "challenge_settings": [
                      {
                        "block_action": "SHOW_ERROR_PAGE",
                        "block_error_page_code": "JSC-403",
                        "block_error_page_description": "Access blocked by website owner. Please contact support.",
                        "block_error_page_message": "Access to the website is blocked.",
                        "block_response_code": 403,
                        "captcha_footer": "Enter the letters and numbers as they are shown in image above.",
                        "captcha_header": "We have detected an increased number of attempts to access this website. To help us keep this site secure, please let us know that you are not a robot by entering the text from the image below.",
                        "captcha_submit_label": "Yes, I am human.",
                        "captcha_title": "Are you human?"
                      }
                    ],
                    "failure_threshold": 10,
                    "is_enabled": false,
                    "set_http_header": [
                      {
                        "name": "x-jsc-alerts",
                        "value": "{failed_amount}"
                      }
                    ]
                  }
                ],
                "origin": "web6.block.ocitutorials.tk",
                "origin_groups": [],
                "protection_settings": [
                  {
                    "allowed_http_methods": [
                      "GET",
                      "POST",
                      "HEAD",
                      "OPTIONS"
                    ],
                    "block_action": "SET_RESPONSE_CODE",
                    "block_error_page_code": "403",
                    "block_error_page_description": "Access blocked by website owner. Please contact support.",
                    "block_error_page_message": "Access to the website is blocked.",
                    "block_response_code": 403,
                    "is_response_inspected": false,
                    "max_argument_count": 255,
                    "max_name_length_per_argument": 400,
                    "max_response_size_in_ki_b": 1024,
                    "max_total_name_length_of_arguments": 64000,
                    "media_types": [
                      "text/html",
                      "text/plain"
                    ],
                    "recommendations_period_in_days": 10
                  }
                ],
                "whitelists": []
              }
            ]
          },
          "private": "eyJlMmJmYjczMC1lY2FhLTExZTYtOGY4OC0zNDM2M2JjN2M0YzAiOnsiY3JlYXRlIjo3MjAwMDAwMDAwMDAwLCJkZWxldGUiOjcyMDAwMDAwMDAwMDAsInVwZGF0ZSI6NzIwMDAwMDAwMDAwMH19"
        },
        {
          "index_key": 7,
          "schema_version": 0,
          "attributes": {
            "additional_domains": [],
            "cname": "web7-block-ocitutorials-tk.b.waas.oci.oraclecloud.net",
            "compartment_id": "ocid1.compartment.oc1..aaaaaaaap7zxffy5cadhxdn363f6up4wnf5y2s7frdx5i7ecv6npdvsnrkra",
            "defined_tags": {
              "basic.created_by": "ocid1.instance.oc1.iad.abuwcljti7acyozxkolrblsui3442rdwkzgg4dibo3m5vrt3owbwm57jzjea (instance)",
              "basic.owner": "masataka.marukawa",
              "organization.fy20_level_1": "staketsu_org",
              "organization.fy20_level_2": "skuroda_org"
            },
            "display_name": "web7.block.ocitutorials.tk",
            "domain": "web7.block.ocitutorials.tk",
            "freeform_tags": {},
            "id": "ocid1.waaspolicy.oc1..aaaaaaaaprknprzq2k27i4ijnypvn4eww6sld4ft7jdmrcjqvro45ft2kujq",
            "origin_groups": [
              {
                "label": "originGroups1",
                "origin_group": [
                  {
                    "origin": "web7.block.ocitutorials.tk",
                    "weight": 1
                  }
                ]
              }
            ],
            "origins": [
              {
                "custom_headers": [
                  {
                    "name": "undefined",
                    "value": "undefined"
                  }
                ],
                "http_port": 80,
                "https_port": 443,
                "label": "web7.block.ocitutorials.tk",
                "uri": "web7.ocitutorials.tk"
              }
            ],
            "policy_config": [
              {
                "certificate_id": "",
                "cipher_group": "",
                "client_address_header": "",
                "is_behind_cdn": false,
                "is_cache_control_respected": false,
                "is_https_enabled": false,
                "is_https_forced": false,
                "is_origin_compression_enabled": false,
                "is_response_buffering_enabled": false,
                "tls_protocols": []
              }
            ],
            "state": "ACTIVE",
            "time_created": "2019-10-18 05:49:04.028 +0000 UTC",
            "timeouts": null,
            "waf_config": [
              {
                "access_rules": [],
                "address_rate_limiting": [
                  {
                    "allowed_rate_per_address": 1,
                    "block_response_code": 503,
                    "is_enabled": false,
                    "max_delayed_count_per_address": 10
                  }
                ],
                "caching_rules": [],
                "captchas": [],
                "custom_protection_rules": [],
                "device_fingerprint_challenge": [
                  {
                    "action": "DETECT",
                    "action_expiration_in_seconds": 60,
                    "challenge_settings": [
                      {
                        "block_action": "SHOW_ERROR_PAGE",
                        "block_error_page_code": "DFC",
                        "block_error_page_description": "Access blocked by website owner. Please contact support.",
                        "block_error_page_message": "Access to the website is blocked.",
                        "block_response_code": 403,
                        "captcha_footer": "Enter the letters and numbers as they are shown in image above.",
                        "captcha_header": "We have detected an increased number of attempts to access this website. To help us keep this site secure, please let us know that you are not a robot by entering the text from the image below.",
                        "captcha_submit_label": "Yes, I am human.",
                        "captcha_title": "Are you human?"
                      }
                    ],
                    "failure_threshold": 10,
                    "failure_threshold_expiration_in_seconds": 60,
                    "is_enabled": false,
                    "max_address_count": 20,
                    "max_address_count_expiration_in_seconds": 60
                  }
                ],
                "human_interaction_challenge": [
                  {
                    "action": "DETECT",
                    "action_expiration_in_seconds": 60,
                    "challenge_settings": [
                      {
                        "block_action": "SHOW_ERROR_PAGE",
                        "block_error_page_code": "HIC",
                        "block_error_page_description": "Access blocked by website owner. Please contact support.",
                        "block_error_page_message": "Access to the website is blocked.",
                        "block_response_code": 403,
                        "captcha_footer": "Enter the letters and numbers as they are shown in image above.",
                        "captcha_header": "We have detected an increased number of attempts to access this website. To help us keep this site secure, please let us know that you are not a robot by entering the text from the image below.",
                        "captcha_submit_label": "Yes, I am human.",
                        "captcha_title": "Are you human?"
                      }
                    ],
                    "failure_threshold": 10,
                    "failure_threshold_expiration_in_seconds": 60,
                    "interaction_threshold": 3,
                    "is_enabled": false,
                    "recording_period_in_seconds": 15,
                    "set_http_header": []
                  }
                ],
                "js_challenge": [
                  {
                    "action": "DETECT",
                    "action_expiration_in_seconds": 60,
                    "challenge_settings": [
                      {
                        "block_action": "SHOW_ERROR_PAGE",
                        "block_error_page_code": "JSC-403",
                        "block_error_page_description": "Access blocked by website owner. Please contact support.",
                        "block_error_page_message": "Access to the website is blocked.",
                        "block_response_code": 403,
                        "captcha_footer": "Enter the letters and numbers as they are shown in image above.",
                        "captcha_header": "We have detected an increased number of attempts to access this website. To help us keep this site secure, please let us know that you are not a robot by entering the text from the image below.",
                        "captcha_submit_label": "Yes, I am human.",
                        "captcha_title": "Are you human?"
                      }
                    ],
                    "failure_threshold": 10,
                    "is_enabled": false,
                    "set_http_header": [
                      {
                        "name": "x-jsc-alerts",
                        "value": "{failed_amount}"
                      }
                    ]
                  }
                ],
                "origin": "web7.block.ocitutorials.tk",
                "origin_groups": [],
                "protection_settings": [
                  {
                    "allowed_http_methods": [
                      "GET",
                      "POST",
                      "HEAD",
                      "OPTIONS"
                    ],
                    "block_action": "SET_RESPONSE_CODE",
                    "block_error_page_code": "403",
                    "block_error_page_description": "Access blocked by website owner. Please contact support.",
                    "block_error_page_message": "Access to the website is blocked.",
                    "block_response_code": 403,
                    "is_response_inspected": false,
                    "max_argument_count": 255,
                    "max_name_length_per_argument": 400,
                    "max_response_size_in_ki_b": 1024,
                    "max_total_name_length_of_arguments": 64000,
                    "media_types": [
                      "text/html",
                      "text/plain"
                    ],
                    "recommendations_period_in_days": 10
                  }
                ],
                "whitelists": []
              }
            ]
          },
          "private": "eyJlMmJmYjczMC1lY2FhLTExZTYtOGY4OC0zNDM2M2JjN2M0YzAiOnsiY3JlYXRlIjo3MjAwMDAwMDAwMDAwLCJkZWxldGUiOjcyMDAwMDAwMDAwMDAsInVwZGF0ZSI6NzIwMDAwMDAwMDAwMH19"
        },
        {
          "index_key": 8,
          "schema_version": 0,
          "attributes": {
            "additional_domains": [],
            "cname": "web8-block-ocitutorials-tk.b.waas.oci.oraclecloud.net",
            "compartment_id": "ocid1.compartment.oc1..aaaaaaaap7zxffy5cadhxdn363f6up4wnf5y2s7frdx5i7ecv6npdvsnrkra",
            "defined_tags": {
              "basic.created_by": "ocid1.instance.oc1.iad.abuwcljti7acyozxkolrblsui3442rdwkzgg4dibo3m5vrt3owbwm57jzjea (instance)",
              "basic.owner": "masataka.marukawa",
              "organization.fy20_level_1": "staketsu_org",
              "organization.fy20_level_2": "skuroda_org"
            },
            "display_name": "web8.block.ocitutorials.tk",
            "domain": "web8.block.ocitutorials.tk",
            "freeform_tags": {},
            "id": "ocid1.waaspolicy.oc1..aaaaaaaagwcg4hbvd5gfbdrfrgftzsegcm4fmqgt3wlpwqun7kbnxnocyhpa",
            "origin_groups": [
              {
                "label": "originGroups1",
                "origin_group": [
                  {
                    "origin": "web8.block.ocitutorials.tk",
                    "weight": 1
                  }
                ]
              }
            ],
            "origins": [
              {
                "custom_headers": [
                  {
                    "name": "undefined",
                    "value": "undefined"
                  }
                ],
                "http_port": 80,
                "https_port": 443,
                "label": "web8.block.ocitutorials.tk",
                "uri": "web8.ocitutorials.tk"
              }
            ],
            "policy_config": [
              {
                "certificate_id": "",
                "cipher_group": "",
                "client_address_header": "",
                "is_behind_cdn": false,
                "is_cache_control_respected": false,
                "is_https_enabled": false,
                "is_https_forced": false,
                "is_origin_compression_enabled": false,
                "is_response_buffering_enabled": false,
                "tls_protocols": []
              }
            ],
            "state": "ACTIVE",
            "time_created": "2019-10-18 05:49:05.475 +0000 UTC",
            "timeouts": null,
            "waf_config": [
              {
                "access_rules": [],
                "address_rate_limiting": [
                  {
                    "allowed_rate_per_address": 1,
                    "block_response_code": 503,
                    "is_enabled": false,
                    "max_delayed_count_per_address": 10
                  }
                ],
                "caching_rules": [],
                "captchas": [],
                "custom_protection_rules": [],
                "device_fingerprint_challenge": [
                  {
                    "action": "DETECT",
                    "action_expiration_in_seconds": 60,
                    "challenge_settings": [
                      {
                        "block_action": "SHOW_ERROR_PAGE",
                        "block_error_page_code": "DFC",
                        "block_error_page_description": "Access blocked by website owner. Please contact support.",
                        "block_error_page_message": "Access to the website is blocked.",
                        "block_response_code": 403,
                        "captcha_footer": "Enter the letters and numbers as they are shown in image above.",
                        "captcha_header": "We have detected an increased number of attempts to access this website. To help us keep this site secure, please let us know that you are not a robot by entering the text from the image below.",
                        "captcha_submit_label": "Yes, I am human.",
                        "captcha_title": "Are you human?"
                      }
                    ],
                    "failure_threshold": 10,
                    "failure_threshold_expiration_in_seconds": 60,
                    "is_enabled": false,
                    "max_address_count": 20,
                    "max_address_count_expiration_in_seconds": 60
                  }
                ],
                "human_interaction_challenge": [
                  {
                    "action": "DETECT",
                    "action_expiration_in_seconds": 60,
                    "challenge_settings": [
                      {
                        "block_action": "SHOW_ERROR_PAGE",
                        "block_error_page_code": "HIC",
                        "block_error_page_description": "Access blocked by website owner. Please contact support.",
                        "block_error_page_message": "Access to the website is blocked.",
                        "block_response_code": 403,
                        "captcha_footer": "Enter the letters and numbers as they are shown in image above.",
                        "captcha_header": "We have detected an increased number of attempts to access this website. To help us keep this site secure, please let us know that you are not a robot by entering the text from the image below.",
                        "captcha_submit_label": "Yes, I am human.",
                        "captcha_title": "Are you human?"
                      }
                    ],
                    "failure_threshold": 10,
                    "failure_threshold_expiration_in_seconds": 60,
                    "interaction_threshold": 3,
                    "is_enabled": false,
                    "recording_period_in_seconds": 15,
                    "set_http_header": []
                  }
                ],
                "js_challenge": [
                  {
                    "action": "DETECT",
                    "action_expiration_in_seconds": 60,
                    "challenge_settings": [
                      {
                        "block_action": "SHOW_ERROR_PAGE",
                        "block_error_page_code": "JSC-403",
                        "block_error_page_description": "Access blocked by website owner. Please contact support.",
                        "block_error_page_message": "Access to the website is blocked.",
                        "block_response_code": 403,
                        "captcha_footer": "Enter the letters and numbers as they are shown in image above.",
                        "captcha_header": "We have detected an increased number of attempts to access this website. To help us keep this site secure, please let us know that you are not a robot by entering the text from the image below.",
                        "captcha_submit_label": "Yes, I am human.",
                        "captcha_title": "Are you human?"
                      }
                    ],
                    "failure_threshold": 10,
                    "is_enabled": false,
                    "set_http_header": [
                      {
                        "name": "x-jsc-alerts",
                        "value": "{failed_amount}"
                      }
                    ]
                  }
                ],
                "origin": "web8.block.ocitutorials.tk",
                "origin_groups": [],
                "protection_settings": [
                  {
                    "allowed_http_methods": [
                      "GET",
                      "POST",
                      "HEAD",
                      "OPTIONS"
                    ],
                    "block_action": "SET_RESPONSE_CODE",
                    "block_error_page_code": "403",
                    "block_error_page_description": "Access blocked by website owner. Please contact support.",
                    "block_error_page_message": "Access to the website is blocked.",
                    "block_response_code": 403,
                    "is_response_inspected": false,
                    "max_argument_count": 255,
                    "max_name_length_per_argument": 400,
                    "max_response_size_in_ki_b": 1024,
                    "max_total_name_length_of_arguments": 64000,
                    "media_types": [
                      "text/html",
                      "text/plain"
                    ],
                    "recommendations_period_in_days": 10
                  }
                ],
                "whitelists": []
              }
            ]
          },
          "private": "eyJlMmJmYjczMC1lY2FhLTExZTYtOGY4OC0zNDM2M2JjN2M0YzAiOnsiY3JlYXRlIjo3MjAwMDAwMDAwMDAwLCJkZWxldGUiOjcyMDAwMDAwMDAwMDAsInVwZGF0ZSI6NzIwMDAwMDAwMDAwMH19"
        },
        {
          "index_key": 9,
          "schema_version": 0,
          "attributes": {
            "additional_domains": [],
            "cname": "web9-block-ocitutorials-tk.b.waas.oci.oraclecloud.net",
            "compartment_id": "ocid1.compartment.oc1..aaaaaaaap7zxffy5cadhxdn363f6up4wnf5y2s7frdx5i7ecv6npdvsnrkra",
            "defined_tags": {
              "basic.created_by": "ocid1.instance.oc1.iad.abuwcljti7acyozxkolrblsui3442rdwkzgg4dibo3m5vrt3owbwm57jzjea (instance)",
              "basic.owner": "masataka.marukawa",
              "organization.fy20_level_1": "staketsu_org",
              "organization.fy20_level_2": "skuroda_org"
            },
            "display_name": "web9.block.ocitutorials.tk",
            "domain": "web9.block.ocitutorials.tk",
            "freeform_tags": {},
            "id": "ocid1.waaspolicy.oc1..aaaaaaaaxkld3pq4b7we2bpeil77c6ngcfa3rstq4r3gf4w6xpisxpuxl5fq",
            "origin_groups": [
              {
                "label": "originGroups1",
                "origin_group": [
                  {
                    "origin": "web9.block.ocitutorials.tk",
                    "weight": 1
                  }
                ]
              }
            ],
            "origins": [
              {
                "custom_headers": [
                  {
                    "name": "undefined",
                    "value": "undefined"
                  }
                ],
                "http_port": 80,
                "https_port": 443,
                "label": "web9.block.ocitutorials.tk",
                "uri": "web9.ocitutorials.tk"
              }
            ],
            "policy_config": [
              {
                "certificate_id": "",
                "cipher_group": "",
                "client_address_header": "",
                "is_behind_cdn": false,
                "is_cache_control_respected": false,
                "is_https_enabled": false,
                "is_https_forced": false,
                "is_origin_compression_enabled": false,
                "is_response_buffering_enabled": false,
                "tls_protocols": []
              }
            ],
            "state": "ACTIVE",
            "time_created": "2019-10-18 05:49:00.767 +0000 UTC",
            "timeouts": null,
            "waf_config": [
              {
                "access_rules": [],
                "address_rate_limiting": [
                  {
                    "allowed_rate_per_address": 1,
                    "block_response_code": 503,
                    "is_enabled": false,
                    "max_delayed_count_per_address": 10
                  }
                ],
                "caching_rules": [],
                "captchas": [],
                "custom_protection_rules": [],
                "device_fingerprint_challenge": [
                  {
                    "action": "DETECT",
                    "action_expiration_in_seconds": 60,
                    "challenge_settings": [
                      {
                        "block_action": "SHOW_ERROR_PAGE",
                        "block_error_page_code": "DFC",
                        "block_error_page_description": "Access blocked by website owner. Please contact support.",
                        "block_error_page_message": "Access to the website is blocked.",
                        "block_response_code": 403,
                        "captcha_footer": "Enter the letters and numbers as they are shown in image above.",
                        "captcha_header": "We have detected an increased number of attempts to access this website. To help us keep this site secure, please let us know that you are not a robot by entering the text from the image below.",
                        "captcha_submit_label": "Yes, I am human.",
                        "captcha_title": "Are you human?"
                      }
                    ],
                    "failure_threshold": 10,
                    "failure_threshold_expiration_in_seconds": 60,
                    "is_enabled": false,
                    "max_address_count": 20,
                    "max_address_count_expiration_in_seconds": 60
                  }
                ],
                "human_interaction_challenge": [
                  {
                    "action": "DETECT",
                    "action_expiration_in_seconds": 60,
                    "challenge_settings": [
                      {
                        "block_action": "SHOW_ERROR_PAGE",
                        "block_error_page_code": "HIC",
                        "block_error_page_description": "Access blocked by website owner. Please contact support.",
                        "block_error_page_message": "Access to the website is blocked.",
                        "block_response_code": 403,
                        "captcha_footer": "Enter the letters and numbers as they are shown in image above.",
                        "captcha_header": "We have detected an increased number of attempts to access this website. To help us keep this site secure, please let us know that you are not a robot by entering the text from the image below.",
                        "captcha_submit_label": "Yes, I am human.",
                        "captcha_title": "Are you human?"
                      }
                    ],
                    "failure_threshold": 10,
                    "failure_threshold_expiration_in_seconds": 60,
                    "interaction_threshold": 3,
                    "is_enabled": false,
                    "recording_period_in_seconds": 15,
                    "set_http_header": []
                  }
                ],
                "js_challenge": [
                  {
                    "action": "DETECT",
                    "action_expiration_in_seconds": 60,
                    "challenge_settings": [
                      {
                        "block_action": "SHOW_ERROR_PAGE",
                        "block_error_page_code": "JSC-403",
                        "block_error_page_description": "Access blocked by website owner. Please contact support.",
                        "block_error_page_message": "Access to the website is blocked.",
                        "block_response_code": 403,
                        "captcha_footer": "Enter the letters and numbers as they are shown in image above.",
                        "captcha_header": "We have detected an increased number of attempts to access this website. To help us keep this site secure, please let us know that you are not a robot by entering the text from the image below.",
                        "captcha_submit_label": "Yes, I am human.",
                        "captcha_title": "Are you human?"
                      }
                    ],
                    "failure_threshold": 10,
                    "is_enabled": false,
                    "set_http_header": [
                      {
                        "name": "x-jsc-alerts",
                        "value": "{failed_amount}"
                      }
                    ]
                  }
                ],
                "origin": "web9.block.ocitutorials.tk",
                "origin_groups": [],
                "protection_settings": [
                  {
                    "allowed_http_methods": [
                      "GET",
                      "POST",
                      "HEAD",
                      "OPTIONS"
                    ],
                    "block_action": "SET_RESPONSE_CODE",
                    "block_error_page_code": "403",
                    "block_error_page_description": "Access blocked by website owner. Please contact support.",
                    "block_error_page_message": "Access to the website is blocked.",
                    "block_response_code": 403,
                    "is_response_inspected": false,
                    "max_argument_count": 255,
                    "max_name_length_per_argument": 400,
                    "max_response_size_in_ki_b": 1024,
                    "max_total_name_length_of_arguments": 64000,
                    "media_types": [
                      "text/html",
                      "text/plain"
                    ],
                    "recommendations_period_in_days": 10
                  }
                ],
                "whitelists": []
              }
            ]
          },
          "private": "eyJlMmJmYjczMC1lY2FhLTExZTYtOGY4OC0zNDM2M2JjN2M0YzAiOnsiY3JlYXRlIjo3MjAwMDAwMDAwMDAwLCJkZWxldGUiOjcyMDAwMDAwMDAwMDAsInVwZGF0ZSI6NzIwMDAwMDAwMDAwMH19"
        }
      ]
    }
  ]
}
